
Microsoft Visual Studio Solution File, Format Version 12.00
# Visual Studio Version 16
VisualStudioVersion = 16.0.30413.136
MinimumVisualStudioVersion = 10.0.40219.1
Project("{FAE04EC0-301F-11D3-BF4B-00C04F79EFBC}") = "iseseisevtoo", "iseseisevtoo\iseseisevtoo.csproj", "{A319BCFE-9331-4818-9EB6-4C5957043963}"
EndProject
Global
	GlobalSection(SolutionConfigurationPlatforms) = preSolution
		Debug|Any CPU = Debug|Any CPU
		Release|Any CPU = Release|Any CPU
	EndGlobalSection
	GlobalSection(ProjectConfigurationPlatforms) = postSolution
		{A319BCFE-9331-4818-9EB6-4C5957043963}.Debug|Any CPU.ActiveCfg = Debug|Any CPU
		{A319BCFE-9331-4818-9EB6-4C5957043963}.Debug|Any CPU.Build.0 = Debug|Any CPU
		{A319BCFE-9331-4818-9EB6-4C5957043963}.Release|Any CPU.ActiveCfg = Release|Any CPU
		{A319BCFE-9331-4818-9EB6-4C5957043963}.Release|Any CPU.Build.0 = Release|Any CPU
	EndGlobalSection
	GlobalSection(SolutionProperties) = preSolution
		HideSolutionNode = FALSE
	EndGlobalSection
	GlobalSection(ExtensibilityGlobals) = postSolution
		SolutionGuid = {928C8CC8-854A-42FA-86B4-ED1BCD174044}
	EndGlobalSection
EndGlobal
